
Microsoft Visual Studio Solution File, Format Version 12.00
# Visual Studio Version 16
VisualStudioVersion = 16.0.29230.47
MinimumVisualStudioVersion = 10.0.40219.1
Project("{2150E333-8FDC-42A3-9474-1A3956D46DE8}") = "build", "build", "{79D71264-186B-4F62-8930-35DD9ECCAF3B}"
	ProjectSection(SolutionItems) = preProject
		build.cmd = build.cmd
		build.fsx = build.fsx
		build.ps1 = build.ps1
		build.sh = build.sh
		README.md = README.md
		RELEASE_NOTES.md = RELEASE_NOTES.md
		src\Directory.Build.props = src\Directory.Build.props
		src\Directory.Packages.props = src\Directory.Packages.props
	EndProjectSection
EndProject
Project("{FAE04EC0-301F-11D3-BF4B-00C04F79EFBC}") = "Akka.MultiNode.TestAdapter", "src\Akka.MultiNode.TestAdapter\Akka.MultiNode.TestAdapter.csproj", "{F3037C62-E780-4619-89B3-BA21C7168DFA}"
EndProject
Project("{FAE04EC0-301F-11D3-BF4B-00C04F79EFBC}") = "Akka.MultiNode.SampleMultiNodeTests", "src\Akka.MultiNode.SampleMultiNodeTests\Akka.MultiNode.SampleMultiNodeTests.csproj", "{89D2C131-718F-4C93-9343-72E5BE6F7317}"
EndProject
Project("{FAE04EC0-301F-11D3-BF4B-00C04F79EFBC}") = "Akka.MultiNode.TestAdapter.Tests", "src\Akka.MultiNode.TestAdapter.Tests\Akka.MultiNode.TestAdapter.Tests.csproj", "{A66D60EE-714F-4297-A9BD-222CFD868C28}"
EndProject
Project("{FAE04EC0-301F-11D3-BF4B-00C04F79EFBC}") = "Akka.MultiNode.RemoteHost", "src\Akka.MultiNode.RemoteHost\Akka.MultiNode.RemoteHost.csproj", "{D59D10BA-E776-4AC6-B8F0-BAB40544439C}"
EndProject
Project("{2150E333-8FDC-42A3-9474-1A3956D46DE8}") = "build-system", "build-system", "{C7DE41DA-ADDE-498E-95DB-D760C32D3C6B}"
	ProjectSection(SolutionItems) = preProject
		build-system\azure-pipeline.template.yaml = build-system\azure-pipeline.template.yaml
		build-system\pr-validation.yaml = build-system\pr-validation.yaml
		build-system\README.md = build-system\README.md
		build-system\windows-release.yaml = build-system\windows-release.yaml
	EndProjectSection
EndProject
Global
	GlobalSection(SolutionConfigurationPlatforms) = preSolution
		Debug|Any CPU = Debug|Any CPU
		Release|Any CPU = Release|Any CPU
	EndGlobalSection
	GlobalSection(ProjectConfigurationPlatforms) = postSolution
		{F3037C62-E780-4619-89B3-BA21C7168DFA}.Debug|Any CPU.ActiveCfg = Debug|Any CPU
		{F3037C62-E780-4619-89B3-BA21C7168DFA}.Debug|Any CPU.Build.0 = Debug|Any CPU
		{F3037C62-E780-4619-89B3-BA21C7168DFA}.Release|Any CPU.ActiveCfg = Release|Any CPU
		{F3037C62-E780-4619-89B3-BA21C7168DFA}.Release|Any CPU.Build.0 = Release|Any CPU
		{89D2C131-718F-4C93-9343-72E5BE6F7317}.Debug|Any CPU.ActiveCfg = Debug|Any CPU
		{89D2C131-718F-4C93-9343-72E5BE6F7317}.Debug|Any CPU.Build.0 = Debug|Any CPU
		{89D2C131-718F-4C93-9343-72E5BE6F7317}.Release|Any CPU.ActiveCfg = Release|Any CPU
		{89D2C131-718F-4C93-9343-72E5BE6F7317}.Release|Any CPU.Build.0 = Release|Any CPU
		{A66D60EE-714F-4297-A9BD-222CFD868C28}.Debug|Any CPU.ActiveCfg = Debug|Any CPU
		{A66D60EE-714F-4297-A9BD-222CFD868C28}.Debug|Any CPU.Build.0 = Debug|Any CPU
		{A66D60EE-714F-4297-A9BD-222CFD868C28}.Release|Any CPU.ActiveCfg = Release|Any CPU
		{A66D60EE-714F-4297-A9BD-222CFD868C28}.Release|Any CPU.Build.0 = Release|Any CPU
		{D59D10BA-E776-4AC6-B8F0-BAB40544439C}.Debug|Any CPU.ActiveCfg = Debug|Any CPU
		{D59D10BA-E776-4AC6-B8F0-BAB40544439C}.Debug|Any CPU.Build.0 = Debug|Any CPU
		{D59D10BA-E776-4AC6-B8F0-BAB40544439C}.Release|Any CPU.ActiveCfg = Release|Any CPU
		{D59D10BA-E776-4AC6-B8F0-BAB40544439C}.Release|Any CPU.Build.0 = Release|Any CPU
	EndGlobalSection
	GlobalSection(SolutionProperties) = preSolution
		HideSolutionNode = FALSE
	EndGlobalSection
	GlobalSection(ExtensibilityGlobals) = postSolution
		SolutionGuid = {B99E6BB8-642A-4A68-86DF-69567CBA700A}
	EndGlobalSection
	GlobalSection(NestedProjects) = preSolution
		{C7DE41DA-ADDE-498E-95DB-D760C32D3C6B} = {79D71264-186B-4F62-8930-35DD9ECCAF3B}
	EndGlobalSection
EndGlobal
