
Microsoft Visual Studio Solution File, Format Version 12.00
# Visual Studio Version 16
VisualStudioVersion = 16.0.29230.47
MinimumVisualStudioVersion = 10.0.40219.1
Project("{9A19103F-16F7-4668-BE54-9A1E7A4F7556}") = "Akka.MultiNodeTestRunner", "src\Akka.MultiNodeTestRunner\Akka.MultiNodeTestRunner.csproj", "{E945AABA-2779-41E8-9B43-8898FFD64F22}"
EndProject
Project("{2150E333-8FDC-42A3-9474-1A3956D46DE8}") = "build", "build", "{79D71264-186B-4F62-8930-35DD9ECCAF3B}"
	ProjectSection(SolutionItems) = preProject
		build.cmd = build.cmd
		build.fsx = build.fsx
		build.ps1 = build.ps1
		build.sh = build.sh
	EndProjectSection
EndProject
Project("{9A19103F-16F7-4668-BE54-9A1E7A4F7556}") = "Akka.MultiNodeTestRunner.Shared", "src\Akka.MultiNodeTestRunner.Shared\Akka.MultiNodeTestRunner.Shared.csproj", "{2F249AFE-6F7E-42CA-9D84-A3914F9DD158}"
EndProject
Project("{9A19103F-16F7-4668-BE54-9A1E7A4F7556}") = "Akka.NodeTestRunner", "src\Akka.NodeTestRunner\Akka.NodeTestRunner.csproj", "{5150BF37-8247-4A47-AFB6-300DD7426DC4}"
EndProject
Project("{9A19103F-16F7-4668-BE54-9A1E7A4F7556}") = "Akka.MultiNodeTestRunner.Shared.Tests", "src\Akka.MultiNodeTestRunner.Shared.Tests\Akka.MultiNodeTestRunner.Shared.Tests.csproj", "{6E3C7F54-F954-4D4C-B9CA-ACFEF046E036}"
EndProject
Project("{FAE04EC0-301F-11D3-BF4B-00C04F79EFBC}") = "Akka.MultiNodeTestRunner.VisualStudio", "src\Akka.MultiNodeTestRunner.VisualStudio\Akka.MultiNodeTestRunner.VisualStudio.csproj", "{F3037C62-E780-4619-89B3-BA21C7168DFA}"
EndProject
Project("{FAE04EC0-301F-11D3-BF4B-00C04F79EFBC}") = "Akka.MultiNodeTestRunner.SampleTests", "src\Akka.MultiNodeTestRunner.SampleTests\Akka.MultiNodeTestRunner.SampleTests.csproj", "{89D2C131-718F-4C93-9343-72E5BE6F7317}"
EndProject
Global
	GlobalSection(SolutionConfigurationPlatforms) = preSolution
		Debug|Any CPU = Debug|Any CPU
		Release|Any CPU = Release|Any CPU
	EndGlobalSection
	GlobalSection(ProjectConfigurationPlatforms) = postSolution
		{E945AABA-2779-41E8-9B43-8898FFD64F22}.Debug|Any CPU.ActiveCfg = Debug|Any CPU
		{E945AABA-2779-41E8-9B43-8898FFD64F22}.Debug|Any CPU.Build.0 = Debug|Any CPU
		{E945AABA-2779-41E8-9B43-8898FFD64F22}.Release|Any CPU.ActiveCfg = Release|Any CPU
		{E945AABA-2779-41E8-9B43-8898FFD64F22}.Release|Any CPU.Build.0 = Release|Any CPU
		{2F249AFE-6F7E-42CA-9D84-A3914F9DD158}.Debug|Any CPU.ActiveCfg = Debug|Any CPU
		{2F249AFE-6F7E-42CA-9D84-A3914F9DD158}.Debug|Any CPU.Build.0 = Debug|Any CPU
		{2F249AFE-6F7E-42CA-9D84-A3914F9DD158}.Release|Any CPU.ActiveCfg = Release|Any CPU
		{2F249AFE-6F7E-42CA-9D84-A3914F9DD158}.Release|Any CPU.Build.0 = Release|Any CPU
		{5150BF37-8247-4A47-AFB6-300DD7426DC4}.Debug|Any CPU.ActiveCfg = Debug|Any CPU
		{5150BF37-8247-4A47-AFB6-300DD7426DC4}.Debug|Any CPU.Build.0 = Debug|Any CPU
		{5150BF37-8247-4A47-AFB6-300DD7426DC4}.Release|Any CPU.ActiveCfg = Release|Any CPU
		{5150BF37-8247-4A47-AFB6-300DD7426DC4}.Release|Any CPU.Build.0 = Release|Any CPU
		{6E3C7F54-F954-4D4C-B9CA-ACFEF046E036}.Debug|Any CPU.ActiveCfg = Debug|Any CPU
		{6E3C7F54-F954-4D4C-B9CA-ACFEF046E036}.Debug|Any CPU.Build.0 = Debug|Any CPU
		{6E3C7F54-F954-4D4C-B9CA-ACFEF046E036}.Release|Any CPU.ActiveCfg = Release|Any CPU
		{6E3C7F54-F954-4D4C-B9CA-ACFEF046E036}.Release|Any CPU.Build.0 = Release|Any CPU
		{F3037C62-E780-4619-89B3-BA21C7168DFA}.Debug|Any CPU.ActiveCfg = Debug|Any CPU
		{F3037C62-E780-4619-89B3-BA21C7168DFA}.Debug|Any CPU.Build.0 = Debug|Any CPU
		{F3037C62-E780-4619-89B3-BA21C7168DFA}.Release|Any CPU.ActiveCfg = Release|Any CPU
		{F3037C62-E780-4619-89B3-BA21C7168DFA}.Release|Any CPU.Build.0 = Release|Any CPU
		{89D2C131-718F-4C93-9343-72E5BE6F7317}.Debug|Any CPU.ActiveCfg = Debug|Any CPU
		{89D2C131-718F-4C93-9343-72E5BE6F7317}.Debug|Any CPU.Build.0 = Debug|Any CPU
		{89D2C131-718F-4C93-9343-72E5BE6F7317}.Release|Any CPU.ActiveCfg = Release|Any CPU
		{89D2C131-718F-4C93-9343-72E5BE6F7317}.Release|Any CPU.Build.0 = Release|Any CPU
	EndGlobalSection
	GlobalSection(SolutionProperties) = preSolution
		HideSolutionNode = FALSE
	EndGlobalSection
	GlobalSection(ExtensibilityGlobals) = postSolution
		SolutionGuid = {B99E6BB8-642A-4A68-86DF-69567CBA700A}
	EndGlobalSection
EndGlobal
